
Microsoft Visual Studio Solution File, Format Version 12.00
# Visual Studio 15
VisualStudioVersion = 15.0.27812.1
MinimumVisualStudioVersion = 10.0.40219.1
Project("{FAE04EC0-301F-11D3-BF4B-00C04F79EFBC}") = "Utf8Apis", "Utf8Apis\Utf8Apis.csproj", "{7C8162D0-C353-495D-9048-5590A6C2C035}"
EndProject
Global
	GlobalSection(SolutionConfigurationPlatforms) = preSolution
		Debug|Any CPU = Debug|Any CPU
		Release|Any CPU = Release|Any CPU
	EndGlobalSection
	GlobalSection(ProjectConfigurationPlatforms) = postSolution
		{7C8162D0-C353-495D-9048-5590A6C2C035}.Debug|Any CPU.ActiveCfg = Debug|Any CPU
		{7C8162D0-C353-495D-9048-5590A6C2C035}.Debug|Any CPU.Build.0 = Debug|Any CPU
		{7C8162D0-C353-495D-9048-5590A6C2C035}.Release|Any CPU.ActiveCfg = Release|Any CPU
		{7C8162D0-C353-495D-9048-5590A6C2C035}.Release|Any CPU.Build.0 = Release|Any CPU
	EndGlobalSection
	GlobalSection(SolutionProperties) = preSolution
		HideSolutionNode = FALSE
	EndGlobalSection
	GlobalSection(ExtensibilityGlobals) = postSolution
		SolutionGuid = {DA468F01-4B83-4E8C-B3FB-5E7EA354613F}
	EndGlobalSection
EndGlobal
